
Microsoft Visual Studio Solution File, Format Version 12.00
# Visual Studio 15
VisualStudioVersion = 15.0.27703.2026
MinimumVisualStudioVersion = 10.0.40219.1
Project("{FAE04EC0-301F-11D3-BF4B-00C04F79EFBC}") = "IG-DM-PARSER", "IG-DM-PARSER\IG-DM-PARSER.csproj", "{EE9EC22F-136A-4741-9C4F-9169B4BD883E}"
EndProject
Global
	GlobalSection(SolutionConfigurationPlatforms) = preSolution
		Debug|Any CPU = Debug|Any CPU
		Release|Any CPU = Release|Any CPU
	EndGlobalSection
	GlobalSection(ProjectConfigurationPlatforms) = postSolution
		{EE9EC22F-136A-4741-9C4F-9169B4BD883E}.Debug|Any CPU.ActiveCfg = Debug|Any CPU
		{EE9EC22F-136A-4741-9C4F-9169B4BD883E}.Debug|Any CPU.Build.0 = Debug|Any CPU
		{EE9EC22F-136A-4741-9C4F-9169B4BD883E}.Release|Any CPU.ActiveCfg = Release|Any CPU
		{EE9EC22F-136A-4741-9C4F-9169B4BD883E}.Release|Any CPU.Build.0 = Release|Any CPU
	EndGlobalSection
	GlobalSection(SolutionProperties) = preSolution
		HideSolutionNode = FALSE
	EndGlobalSection
	GlobalSection(ExtensibilityGlobals) = postSolution
		SolutionGuid = {613A04CC-9385-4156-B682-0998BA1714C6}
	EndGlobalSection
EndGlobal
